
Microsoft Visual Studio Solution File, Format Version 12.00
# Visual Studio Version 17
VisualStudioVersion = 17.14.36202.13 d17.14
MinimumVisualStudioVersion = 10.0.40219.1
Project("{FAE04EC0-301F-11D3-BF4B-00C04F79EFBC}") = "Smart_Stock_Project", "Smart_Stock_Project\Smart_Stock_Project.csproj", "{19031B36-8A21-48B4-9AFE-25CDD09BC519}"
EndProject
Global
	GlobalSection(SolutionConfigurationPlatforms) = preSolution
		Debug|Any CPU = Debug|Any CPU
		Release|Any CPU = Release|Any CPU
	EndGlobalSection
	GlobalSection(ProjectConfigurationPlatforms) = postSolution
		{19031B36-8A21-48B4-9AFE-25CDD09BC519}.Debug|Any CPU.ActiveCfg = Debug|Any CPU
		{19031B36-8A21-48B4-9AFE-25CDD09BC519}.Debug|Any CPU.Build.0 = Debug|Any CPU
		{19031B36-8A21-48B4-9AFE-25CDD09BC519}.Release|Any CPU.ActiveCfg = Release|Any CPU
		{19031B36-8A21-48B4-9AFE-25CDD09BC519}.Release|Any CPU.Build.0 = Release|Any CPU
	EndGlobalSection
	GlobalSection(SolutionProperties) = preSolution
		HideSolutionNode = FALSE
	EndGlobalSection
	GlobalSection(ExtensibilityGlobals) = postSolution
		SolutionGuid = {E8918F07-DFB9-4FF8-B611-1693A3557769}
	EndGlobalSection
EndGlobal
